
Microsoft Visual Studio Solution File, Format Version 12.00
# Visual Studio Version 16
VisualStudioVersion = 16.0.29306.81
MinimumVisualStudioVersion = 10.0.40219.1
Project("{00D1A9C2-B5F0-4AF3-8072-F6C62B433612}") = "VoorbeeldSQLDatabase", "VoorbeeldSQLDatabase\VoorbeeldSQLDatabase.sqlproj", "{9DE43138-1DC3-4C9C-868E-12FAB4BF96D9}"
EndProject
Global
	GlobalSection(SolutionConfigurationPlatforms) = preSolution
		Debug|Any CPU = Debug|Any CPU
		Release|Any CPU = Release|Any CPU
	EndGlobalSection
	GlobalSection(ProjectConfigurationPlatforms) = postSolution
		{9DE43138-1DC3-4C9C-868E-12FAB4BF96D9}.Debug|Any CPU.ActiveCfg = Debug|Any CPU
		{9DE43138-1DC3-4C9C-868E-12FAB4BF96D9}.Debug|Any CPU.Build.0 = Debug|Any CPU
		{9DE43138-1DC3-4C9C-868E-12FAB4BF96D9}.Debug|Any CPU.Deploy.0 = Debug|Any CPU
		{9DE43138-1DC3-4C9C-868E-12FAB4BF96D9}.Release|Any CPU.ActiveCfg = Release|Any CPU
		{9DE43138-1DC3-4C9C-868E-12FAB4BF96D9}.Release|Any CPU.Build.0 = Release|Any CPU
		{9DE43138-1DC3-4C9C-868E-12FAB4BF96D9}.Release|Any CPU.Deploy.0 = Release|Any CPU
	EndGlobalSection
	GlobalSection(SolutionProperties) = preSolution
		HideSolutionNode = FALSE
	EndGlobalSection
	GlobalSection(ExtensibilityGlobals) = postSolution
		SolutionGuid = {B5D19686-75C3-4EA6-A553-E2355C4B9CB5}
	EndGlobalSection
EndGlobal
